
Microsoft Visual Studio Solution File, Format Version 11.00
# Visual C++ Express 2010
Project("{8BC9CEB8-8B4A-11D0-8D11-00A0C91BC942}") = "The Forgotten Server", "The Forgotten Server.vcxproj", "{4D61080D-B326-40C4-8135-7C3693CC9EB8}"
EndProject
Global
	GlobalSection(SolutionConfigurationPlatforms) = preSolution
		Debug|Win32 = Debug|Win32
		Release|Win32 = Release|Win32
	EndGlobalSection
	GlobalSection(ProjectConfigurationPlatforms) = postSolution
		{4D61080D-B326-40C4-8135-7C3693CC9EB8}.Debug|Win32.ActiveCfg = Debug|Win32
		{4D61080D-B326-40C4-8135-7C3693CC9EB8}.Debug|Win32.Build.0 = Debug|Win32
		{4D61080D-B326-40C4-8135-7C3693CC9EB8}.Release|Win32.ActiveCfg = Release|Win32
		{4D61080D-B326-40C4-8135-7C3693CC9EB8}.Release|Win32.Build.0 = Release|Win32
	EndGlobalSection
	GlobalSection(SolutionProperties) = preSolution
		HideSolutionNode = FALSE
	EndGlobalSection
EndGlobal
